// !$*UTF8*$!
{
	archiveVersion = 1;
	classes = {
	};
	objectVersion = 50;
	objects = {

/* Begin PBXBuildFile section */
		2A1ECF5D259AE0500060FCC3 /* GeneralViewController.swift in Sources */ = {isa = PBXBuildFile; fileRef = 2A1ECF5B259AE0500060FCC3 /* GeneralViewController.swift */; };
		2A1ECF5E259AE0500060FCC3 /* GeneralViewController.xib in Resources */ = {isa = PBXBuildFile; fileRef = 2A1ECF5C259AE0500060FCC3 /* GeneralViewController.xib */; };
		2A1ECF62259AE06A0060FCC3 /* PartyViewController.swift in Sources */ = {isa = PBXBuildFile; fileRef = 2A1ECF60259AE06A0060FCC3 /* PartyViewController.swift */; };
		2A1ECF63259AE06A0060FCC3 /* PartyViewController.xib in Resources */ = {isa = PBXBuildFile; fileRef = 2A1ECF61259AE06A0060FCC3 /* PartyViewController.xib */; };
		2A1ECF67259AE08B0060FCC3 /* CoupleViewController.swift in Sources */ = {isa = PBXBuildFile; fileRef = 2A1ECF65259AE08A0060FCC3 /* CoupleViewController.swift */; };
		2A1ECF68259AE08B0060FCC3 /* CoupleViewController.xib in Resources */ = {isa = PBXBuildFile; fileRef = 2A1ECF66259AE08A0060FCC3 /* CoupleViewController.xib */; };
		2A1ECF6C259AE0A40060FCC3 /* SeriousViewController.swift in Sources */ = {isa = PBXBuildFile; fileRef = 2A1ECF6A259AE0A40060FCC3 /* SeriousViewController.swift */; };
		2A1ECF6D259AE0A40060FCC3 /* SeriousViewController.xib in Resources */ = {isa = PBXBuildFile; fileRef = 2A1ECF6B259AE0A40060FCC3 /* SeriousViewController.xib */; };
		2A54A8BE259AC11900792F3C /* AppDelegate.swift in Sources */ = {isa = PBXBuildFile; fileRef = 2A54A8BD259AC11900792F3C /* AppDelegate.swift */; };
		2A54A8C0259AC11900792F3C /* SceneDelegate.swift in Sources */ = {isa = PBXBuildFile; fileRef = 2A54A8BF259AC11900792F3C /* SceneDelegate.swift */; };
		2A54A8C7259AC11A00792F3C /* Assets.xcassets in Resources */ = {isa = PBXBuildFile; fileRef = 2A54A8C6259AC11A00792F3C /* Assets.xcassets */; };
		2A54A8CA259AC11A00792F3C /* LaunchScreen.storyboard in Resources */ = {isa = PBXBuildFile; fileRef = 2A54A8C8259AC11A00792F3C /* LaunchScreen.storyboard */; };
		2A54A8DB259AC1C500792F3C /* HomeViewController.swift in Sources */ = {isa = PBXBuildFile; fileRef = 2A54A8D9259AC1C500792F3C /* HomeViewController.swift */; };
		2A54A8DC259AC1C500792F3C /* HomeViewController.xib in Resources */ = {isa = PBXBuildFile; fileRef = 2A54A8DA259AC1C500792F3C /* HomeViewController.xib */; };
		2A54A8E7259ACC9700792F3C /* HomeButtonView.swift in Sources */ = {isa = PBXBuildFile; fileRef = 2A54A8E6259ACC9700792F3C /* HomeButtonView.swift */; };
		2A54A8EE259ACCFF00792F3C /* HomeButtonView.xib in Resources */ = {isa = PBXBuildFile; fileRef = 2A54A8ED259ACCFF00792F3C /* HomeButtonView.xib */; };
		2A6399FF259AF53E00D69E63 /* NSObjectExt.swift in Sources */ = {isa = PBXBuildFile; fileRef = 2A6399FE259AF53E00D69E63 /* NSObjectExt.swift */; };
		2A639A03259AF69A00D69E63 /* WebTopicTableViewCell.swift in Sources */ = {isa = PBXBuildFile; fileRef = 2A639A01259AF69A00D69E63 /* WebTopicTableViewCell.swift */; };
		2A639A04259AF69A00D69E63 /* WebTopicTableViewCell.xib in Resources */ = {isa = PBXBuildFile; fileRef = 2A639A02259AF69A00D69E63 /* WebTopicTableViewCell.xib */; };
		2A639A08259AFBA200D69E63 /* WebViewController.swift in Sources */ = {isa = PBXBuildFile; fileRef = 2A639A06259AFBA200D69E63 /* WebViewController.swift */; };
		2A639A09259AFBA200D69E63 /* WebViewController.xib in Resources */ = {isa = PBXBuildFile; fileRef = 2A639A07259AFBA200D69E63 /* WebViewController.xib */; };
		2A639A19259B552B00D69E63 /* ReviewViewController.swift in Sources */ = {isa = PBXBuildFile; fileRef = 2A639A17259B552B00D69E63 /* ReviewViewController.swift */; };
		2A639A1A259B552B00D69E63 /* ReviewViewController.xib in Resources */ = {isa = PBXBuildFile; fileRef = 2A639A18259B552B00D69E63 /* ReviewViewController.xib */; };
		2A8929BA259DCF0300351AAD /* WebView2Controller.swift in Sources */ = {isa = PBXBuildFile; fileRef = 2A8929B8259DCF0300351AAD /* WebView2Controller.swift */; };
		2A8929BB259DCF0300351AAD /* WebView2Controller.xib in Resources */ = {isa = PBXBuildFile; fileRef = 2A8929B9259DCF0300351AAD /* WebView2Controller.xib */; };
		2A8929BF259DCF1B00351AAD /* WebView3Controller.swift in Sources */ = {isa = PBXBuildFile; fileRef = 2A8929BD259DCF1B00351AAD /* WebView3Controller.swift */; };
		2A8929C0259DCF1B00351AAD /* WebView3Controller.xib in Resources */ = {isa = PBXBuildFile; fileRef = 2A8929BE259DCF1B00351AAD /* WebView3Controller.xib */; };
/* End PBXBuildFile section */

/* Begin PBXFileReference section */
		2A1ECF5B259AE0500060FCC3 /* GeneralViewController.swift */ = {isa = PBXFileReference; lastKnownFileType = sourcecode.swift; path = GeneralViewController.swift; sourceTree = "<group>"; };
		2A1ECF5C259AE0500060FCC3 /* GeneralViewController.xib */ = {isa = PBXFileReference; lastKnownFileType = file.xib; path = GeneralViewController.xib; sourceTree = "<group>"; };
		2A1ECF60259AE06A0060FCC3 /* PartyViewController.swift */ = {isa = PBXFileReference; lastKnownFileType = sourcecode.swift; path = PartyViewController.swift; sourceTree = "<group>"; };
		2A1ECF61259AE06A0060FCC3 /* PartyViewController.xib */ = {isa = PBXFileReference; lastKnownFileType = file.xib; path = PartyViewController.xib; sourceTree = "<group>"; };
		2A1ECF65259AE08A0060FCC3 /* CoupleViewController.swift */ = {isa = PBXFileReference; lastKnownFileType = sourcecode.swift; path = CoupleViewController.swift; sourceTree = "<group>"; };
		2A1ECF66259AE08A0060FCC3 /* CoupleViewController.xib */ = {isa = PBXFileReference; lastKnownFileType = file.xib; path = CoupleViewController.xib; sourceTree = "<group>"; };
		2A1ECF6A259AE0A40060FCC3 /* SeriousViewController.swift */ = {isa = PBXFileReference; lastKnownFileType = sourcecode.swift; path = SeriousViewController.swift; sourceTree = "<group>"; };
		2A1ECF6B259AE0A40060FCC3 /* SeriousViewController.xib */ = {isa = PBXFileReference; lastKnownFileType = file.xib; path = SeriousViewController.xib; sourceTree = "<group>"; };
		2A54A8BA259AC11900792F3C /* topic.app */ = {isa = PBXFileReference; explicitFileType = wrapper.application; includeInIndex = 0; path = topic.app; sourceTree = BUILT_PRODUCTS_DIR; };
		2A54A8BD259AC11900792F3C /* AppDelegate.swift */ = {isa = PBXFileReference; lastKnownFileType = sourcecode.swift; path = AppDelegate.swift; sourceTree = "<group>"; };
		2A54A8BF259AC11900792F3C /* SceneDelegate.swift */ = {isa = PBXFileReference; lastKnownFileType = sourcecode.swift; path = SceneDelegate.swift; sourceTree = "<group>"; };
		2A54A8C6259AC11A00792F3C /* Assets.xcassets */ = {isa = PBXFileReference; lastKnownFileType = folder.assetcatalog; path = Assets.xcassets; sourceTree = "<group>"; };
		2A54A8C9259AC11A00792F3C /* Base */ = {isa = PBXFileReference; lastKnownFileType = file.storyboard; name = Base; path = Base.lproj/LaunchScreen.storyboard; sourceTree = "<group>"; };
		2A54A8CB259AC11A00792F3C /* Info.plist */ = {isa = PBXFileReference; lastKnownFileType = text.plist.xml; path = Info.plist; sourceTree = "<group>"; };
		2A54A8D9259AC1C500792F3C /* HomeViewController.swift */ = {isa = PBXFileReference; lastKnownFileType = sourcecode.swift; path = HomeViewController.swift; sourceTree = "<group>"; };
		2A54A8DA259AC1C500792F3C /* HomeViewController.xib */ = {isa = PBXFileReference; lastKnownFileType = file.xib; path = HomeViewController.xib; sourceTree = "<group>"; };
		2A54A8E6259ACC9700792F3C /* HomeButtonView.swift */ = {isa = PBXFileReference; lastKnownFileType = sourcecode.swift; path = HomeButtonView.swift; sourceTree = "<group>"; };
		2A54A8ED259ACCFF00792F3C /* HomeButtonView.xib */ = {isa = PBXFileReference; lastKnownFileType = file.xib; path = HomeButtonView.xib; sourceTree = "<group>"; };
		2A6399FE259AF53E00D69E63 /* NSObjectExt.swift */ = {isa = PBXFileReference; lastKnownFileType = sourcecode.swift; path = NSObjectExt.swift; sourceTree = "<group>"; };
		2A639A01259AF69A00D69E63 /* WebTopicTableViewCell.swift */ = {isa = PBXFileReference; lastKnownFileType = sourcecode.swift; path = WebTopicTableViewCell.swift; sourceTree = "<group>"; };
		2A639A02259AF69A00D69E63 /* WebTopicTableViewCell.xib */ = {isa = PBXFileReference; lastKnownFileType = file.xib; path = WebTopicTableViewCell.xib; sourceTree = "<group>"; };
		2A639A06259AFBA200D69E63 /* WebViewController.swift */ = {isa = PBXFileReference; lastKnownFileType = sourcecode.swift; path = WebViewController.swift; sourceTree = "<group>"; };
		2A639A07259AFBA200D69E63 /* WebViewController.xib */ = {isa = PBXFileReference; lastKnownFileType = file.xib; path = WebViewController.xib; sourceTree = "<group>"; };
		2A639A17259B552B00D69E63 /* ReviewViewController.swift */ = {isa = PBXFileReference; lastKnownFileType = sourcecode.swift; path = ReviewViewController.swift; sourceTree = "<group>"; };
		2A639A18259B552B00D69E63 /* ReviewViewController.xib */ = {isa = PBXFileReference; lastKnownFileType = file.xib; path = ReviewViewController.xib; sourceTree = "<group>"; };
		2A8929B8259DCF0300351AAD /* WebView2Controller.swift */ = {isa = PBXFileReference; lastKnownFileType = sourcecode.swift; path = WebView2Controller.swift; sourceTree = "<group>"; };
		2A8929B9259DCF0300351AAD /* WebView2Controller.xib */ = {isa = PBXFileReference; lastKnownFileType = file.xib; path = WebView2Controller.xib; sourceTree = "<group>"; };
		2A8929BD259DCF1B00351AAD /* WebView3Controller.swift */ = {isa = PBXFileReference; lastKnownFileType = sourcecode.swift; path = WebView3Controller.swift; sourceTree = "<group>"; };
		2A8929BE259DCF1B00351AAD /* WebView3Controller.xib */ = {isa = PBXFileReference; lastKnownFileType = file.xib; path = WebView3Controller.xib; sourceTree = "<group>"; };
/* End PBXFileReference section */

/* Begin PBXFrameworksBuildPhase section */
		2A54A8B7259AC11900792F3C /* Frameworks */ = {
			isa = PBXFrameworksBuildPhase;
			buildActionMask = 2147483647;
			files = (
			);
			runOnlyForDeploymentPostprocessing = 0;
		};
/* End PBXFrameworksBuildPhase section */

/* Begin PBXGroup section */
		2A54A8B1259AC11900792F3C = {
			isa = PBXGroup;
			children = (
				2A54A8BC259AC11900792F3C /* topic */,
				2A54A8BB259AC11900792F3C /* Products */,
			);
			sourceTree = "<group>";
		};
		2A54A8BB259AC11900792F3C /* Products */ = {
			isa = PBXGroup;
			children = (
				2A54A8BA259AC11900792F3C /* topic.app */,
			);
			name = Products;
			sourceTree = "<group>";
		};
		2A54A8BC259AC11900792F3C /* topic */ = {
			isa = PBXGroup;
			children = (
				2A54A8BD259AC11900792F3C /* AppDelegate.swift */,
				2A54A8BF259AC11900792F3C /* SceneDelegate.swift */,
				2A54A8D7259AC18D00792F3C /* Extension */,
				2A54A8D6259AC17F00792F3C /* Model */,
				2A54A8D5259AC17700792F3C /* View */,
				2A54A8D4259AC16900792F3C /* ViewController */,
				2A54A8C6259AC11A00792F3C /* Assets.xcassets */,
				2A54A8C8259AC11A00792F3C /* LaunchScreen.storyboard */,
				2A54A8CB259AC11A00792F3C /* Info.plist */,
			);
			path = topic;
			sourceTree = "<group>";
		};
		2A54A8D4259AC16900792F3C /* ViewController */ = {
			isa = PBXGroup;
			children = (
				2A639A0B259B525E00D69E63 /* Home */,
				2A639A0E259B527100D69E63 /* General */,
				2A639A0F259B527D00D69E63 /* Party */,
				2A639A11259B529600D69E63 /* Couple */,
				2A639A13259B52A000D69E63 /* Serious */,
				2A639A15259B52B200D69E63 /* Web */,
				2A639A1C259B553D00D69E63 /* Review */,
			);
			path = ViewController;
			sourceTree = "<group>";
		};
		2A54A8D5259AC17700792F3C /* View */ = {
			isa = PBXGroup;
			children = (
				2A54A8E6259ACC9700792F3C /* HomeButtonView.swift */,
				2A54A8ED259ACCFF00792F3C /* HomeButtonView.xib */,
				2A639A01259AF69A00D69E63 /* WebTopicTableViewCell.swift */,
				2A639A02259AF69A00D69E63 /* WebTopicTableViewCell.xib */,
			);
			path = View;
			sourceTree = "<group>";
		};
		2A54A8D6259AC17F00792F3C /* Model */ = {
			isa = PBXGroup;
			children = (
			);
			path = Model;
			sourceTree = "<group>";
		};
		2A54A8D7259AC18D00792F3C /* Extension */ = {
			isa = PBXGroup;
			children = (
				2A6399FE259AF53E00D69E63 /* NSObjectExt.swift */,
			);
			path = Extension;
			sourceTree = "<group>";
		};
		2A639A0B259B525E00D69E63 /* Home */ = {
			isa = PBXGroup;
			children = (
				2A54A8D9259AC1C500792F3C /* HomeViewController.swift */,
				2A54A8DA259AC1C500792F3C /* HomeViewController.xib */,
			);
			path = Home;
			sourceTree = "<group>";
		};
		2A639A0E259B527100D69E63 /* General */ = {
			isa = PBXGroup;
			children = (
				2A1ECF5B259AE0500060FCC3 /* GeneralViewController.swift */,
				2A1ECF5C259AE0500060FCC3 /* GeneralViewController.xib */,
			);
			path = General;
			sourceTree = "<group>";
		};
		2A639A0F259B527D00D69E63 /* Party */ = {
			isa = PBXGroup;
			children = (
				2A1ECF60259AE06A0060FCC3 /* PartyViewController.swift */,
				2A1ECF61259AE06A0060FCC3 /* PartyViewController.xib */,
			);
			path = Party;
			sourceTree = "<group>";
		};
		2A639A11259B529600D69E63 /* Couple */ = {
			isa = PBXGroup;
			children = (
				2A1ECF65259AE08A0060FCC3 /* CoupleViewController.swift */,
				2A1ECF66259AE08A0060FCC3 /* CoupleViewController.xib */,
			);
			path = Couple;
			sourceTree = "<group>";
		};
		2A639A13259B52A000D69E63 /* Serious */ = {
			isa = PBXGroup;
			children = (
				2A1ECF6A259AE0A40060FCC3 /* SeriousViewController.swift */,
				2A1ECF6B259AE0A40060FCC3 /* SeriousViewController.xib */,
			);
			path = Serious;
			sourceTree = "<group>";
		};
		2A639A15259B52B200D69E63 /* Web */ = {
			isa = PBXGroup;
			children = (
				2A639A06259AFBA200D69E63 /* WebViewController.swift */,
				2A639A07259AFBA200D69E63 /* WebViewController.xib */,
				2A8929B8259DCF0300351AAD /* WebView2Controller.swift */,
				2A8929B9259DCF0300351AAD /* WebView2Controller.xib */,
				2A8929BD259DCF1B00351AAD /* WebView3Controller.swift */,
				2A8929BE259DCF1B00351AAD /* WebView3Controller.xib */,
			);
			path = Web;
			sourceTree = "<group>";
		};
		2A639A1C259B553D00D69E63 /* Review */ = {
			isa = PBXGroup;
			children = (
				2A639A17259B552B00D69E63 /* ReviewViewController.swift */,
				2A639A18259B552B00D69E63 /* ReviewViewController.xib */,
			);
			path = Review;
			sourceTree = "<group>";
		};
/* End PBXGroup section */

/* Begin PBXNativeTarget section */
		2A54A8B9259AC11900792F3C /* topic */ = {
			isa = PBXNativeTarget;
			buildConfigurationList = 2A54A8CE259AC11A00792F3C /* Build configuration list for PBXNativeTarget "topic" */;
			buildPhases = (
				2A54A8B6259AC11900792F3C /* Sources */,
				2A54A8B7259AC11900792F3C /* Frameworks */,
				2A54A8B8259AC11900792F3C /* Resources */,
			);
			buildRules = (
			);
			dependencies = (
			);
			name = topic;
			productName = topic;
			productReference = 2A54A8BA259AC11900792F3C /* topic.app */;
			productType = "com.apple.product-type.application";
		};
/* End PBXNativeTarget section */

/* Begin PBXProject section */
		2A54A8B2259AC11900792F3C /* Project object */ = {
			isa = PBXProject;
			attributes = {
				LastSwiftUpdateCheck = 1230;
				LastUpgradeCheck = 1230;
				TargetAttributes = {
					2A54A8B9259AC11900792F3C = {
						CreatedOnToolsVersion = 12.3;
					};
				};
			};
			buildConfigurationList = 2A54A8B5259AC11900792F3C /* Build configuration list for PBXProject "topic" */;
			compatibilityVersion = "Xcode 9.3";
			developmentRegion = en;
			hasScannedForEncodings = 0;
			knownRegions = (
				en,
				Base,
			);
			mainGroup = 2A54A8B1259AC11900792F3C;
			productRefGroup = 2A54A8BB259AC11900792F3C /* Products */;
			projectDirPath = "";
			projectRoot = "";
			targets = (
				2A54A8B9259AC11900792F3C /* topic */,
			);
		};
/* End PBXProject section */

/* Begin PBXResourcesBuildPhase section */
		2A54A8B8259AC11900792F3C /* Resources */ = {
			isa = PBXResourcesBuildPhase;
			buildActionMask = 2147483647;
			files = (
				2A54A8CA259AC11A00792F3C /* LaunchScreen.storyboard in Resources */,
				2A1ECF63259AE06A0060FCC3 /* PartyViewController.xib in Resources */,
				2A8929BB259DCF0300351AAD /* WebView2Controller.xib in Resources */,
				2A1ECF5E259AE0500060FCC3 /* GeneralViewController.xib in Resources */,
				2A639A09259AFBA200D69E63 /* WebViewController.xib in Resources */,
				2A1ECF6D259AE0A40060FCC3 /* SeriousViewController.xib in Resources */,
				2A54A8C7259AC11A00792F3C /* Assets.xcassets in Resources */,
				2A1ECF68259AE08B0060FCC3 /* CoupleViewController.xib in Resources */,
				2A639A1A259B552B00D69E63 /* ReviewViewController.xib in Resources */,
				2A8929C0259DCF1B00351AAD /* WebView3Controller.xib in Resources */,
				2A639A04259AF69A00D69E63 /* WebTopicTableViewCell.xib in Resources */,
				2A54A8DC259AC1C500792F3C /* HomeViewController.xib in Resources */,
				2A54A8EE259ACCFF00792F3C /* HomeButtonView.xib in Resources */,
			);
			runOnlyForDeploymentPostprocessing = 0;
		};
/* End PBXResourcesBuildPhase section */

/* Begin PBXSourcesBuildPhase section */
		2A54A8B6259AC11900792F3C /* Sources */ = {
			isa = PBXSourcesBuildPhase;
			buildActionMask = 2147483647;
			files = (
				2A54A8BE259AC11900792F3C /* AppDelegate.swift in Sources */,
				2A639A08259AFBA200D69E63 /* WebViewController.swift in Sources */,
				2A639A19259B552B00D69E63 /* ReviewViewController.swift in Sources */,
				2A1ECF67259AE08B0060FCC3 /* CoupleViewController.swift in Sources */,
				2A1ECF62259AE06A0060FCC3 /* PartyViewController.swift in Sources */,
				2A6399FF259AF53E00D69E63 /* NSObjectExt.swift in Sources */,
				2A639A03259AF69A00D69E63 /* WebTopicTableViewCell.swift in Sources */,
				2A54A8C0259AC11900792F3C /* SceneDelegate.swift in Sources */,
				2A1ECF5D259AE0500060FCC3 /* GeneralViewController.swift in Sources */,
				2A8929BF259DCF1B00351AAD /* WebView3Controller.swift in Sources */,
				2A54A8DB259AC1C500792F3C /* HomeViewController.swift in Sources */,
				2A8929BA259DCF0300351AAD /* WebView2Controller.swift in Sources */,
				2A54A8E7259ACC9700792F3C /* HomeButtonView.swift in Sources */,
				2A1ECF6C259AE0A40060FCC3 /* SeriousViewController.swift in Sources */,
			);
			runOnlyForDeploymentPostprocessing = 0;
		};
/* End PBXSourcesBuildPhase section */

/* Begin PBXVariantGroup section */
		2A54A8C8259AC11A00792F3C /* LaunchScreen.storyboard */ = {
			isa = PBXVariantGroup;
			children = (
				2A54A8C9259AC11A00792F3C /* Base */,
			);
			name = LaunchScreen.storyboard;
			sourceTree = "<group>";
		};
/* End PBXVariantGroup section */

/* Begin XCBuildConfiguration section */
		2A54A8CC259AC11A00792F3C /* Debug */ = {
			isa = XCBuildConfiguration;
			buildSettings = {
				ALWAYS_SEARCH_USER_PATHS = NO;
				CLANG_ANALYZER_NONNULL = YES;
				CLANG_ANALYZER_NUMBER_OBJECT_CONVERSION = YES_AGGRESSIVE;
				CLANG_CXX_LANGUAGE_STANDARD = "gnu++14";
				CLANG_CXX_LIBRARY = "libc++";
				CLANG_ENABLE_MODULES = YES;
				CLANG_ENABLE_OBJC_ARC = YES;
				CLANG_ENABLE_OBJC_WEAK = YES;
				CLANG_WARN_BLOCK_CAPTURE_AUTORELEASING = YES;
				CLANG_WARN_BOOL_CONVERSION = YES;
				CLANG_WARN_COMMA = YES;
				CLANG_WARN_CONSTANT_CONVERSION = YES;
				CLANG_WARN_DEPRECATED_OBJC_IMPLEMENTATIONS = YES;
				CLANG_WARN_DIRECT_OBJC_ISA_USAGE = YES_ERROR;
				CLANG_WARN_DOCUMENTATION_COMMENTS = YES;
				CLANG_WARN_EMPTY_BODY = YES;
				CLANG_WARN_ENUM_CONVERSION = YES;
				CLANG_WARN_INFINITE_RECURSION = YES;
				CLANG_WARN_INT_CONVERSION = YES;
				CLANG_WARN_NON_LITERAL_NULL_CONVERSION = YES;
				CLANG_WARN_OBJC_IMPLICIT_RETAIN_SELF = YES;
				CLANG_WARN_OBJC_LITERAL_CONVERSION = YES;
				CLANG_WARN_OBJC_ROOT_CLASS = YES_ERROR;
				CLANG_WARN_QUOTED_INCLUDE_IN_FRAMEWORK_HEADER = YES;
				CLANG_WARN_RANGE_LOOP_ANALYSIS = YES;
				CLANG_WARN_STRICT_PROTOTYPES = YES;
				CLANG_WARN_SUSPICIOUS_MOVE = YES;
				CLANG_WARN_UNGUARDED_AVAILABILITY = YES_AGGRESSIVE;
				CLANG_WARN_UNREACHABLE_CODE = YES;
				CLANG_WARN__DUPLICATE_METHOD_MATCH = YES;
				COPY_PHASE_STRIP = NO;
				DEBUG_INFORMATION_FORMAT = dwarf;
				ENABLE_STRICT_OBJC_MSGSEND = YES;
				ENABLE_TESTABILITY = YES;
				GCC_C_LANGUAGE_STANDARD = gnu11;
				GCC_DYNAMIC_NO_PIC = NO;
				GCC_NO_COMMON_BLOCKS = YES;
				GCC_OPTIMIZATION_LEVEL = 0;
				GCC_PREPROCESSOR_DEFINITIONS = (
					"DEBUG=1",
					"$(inherited)",
				);
				GCC_WARN_64_TO_32_BIT_CONVERSION = YES;
				GCC_WARN_ABOUT_RETURN_TYPE = YES_ERROR;
				GCC_WARN_UNDECLARED_SELECTOR = YES;
				GCC_WARN_UNINITIALIZED_AUTOS = YES_AGGRESSIVE;
				GCC_WARN_UNUSED_FUNCTION = YES;
				GCC_WARN_UNUSED_VARIABLE = YES;
				IPHONEOS_DEPLOYMENT_TARGET = 14.3;
				MTL_ENABLE_DEBUG_INFO = INCLUDE_SOURCE;
				MTL_FAST_MATH = YES;
				ONLY_ACTIVE_ARCH = YES;
				SDKROOT = iphoneos;
				SWIFT_ACTIVE_COMPILATION_CONDITIONS = DEBUG;
				SWIFT_OPTIMIZATION_LEVEL = "-Onone";
			};
			name = Debug;
		};
		2A54A8CD259AC11A00792F3C /* Release */ = {
			isa = XCBuildConfiguration;
			buildSettings = {
				ALWAYS_SEARCH_USER_PATHS = NO;
				CLANG_ANALYZER_NONNULL = YES;
				CLANG_ANALYZER_NUMBER_OBJECT_CONVERSION = YES_AGGRESSIVE;
				CLANG_CXX_LANGUAGE_STANDARD = "gnu++14";
				CLANG_CXX_LIBRARY = "libc++";
				CLANG_ENABLE_MODULES = YES;
				CLANG_ENABLE_OBJC_ARC = YES;
				CLANG_ENABLE_OBJC_WEAK = YES;
				CLANG_WARN_BLOCK_CAPTURE_AUTORELEASING = YES;
				CLANG_WARN_BOOL_CONVERSION = YES;
				CLANG_WARN_COMMA = YES;
				CLANG_WARN_CONSTANT_CONVERSION = YES;
				CLANG_WARN_DEPRECATED_OBJC_IMPLEMENTATIONS = YES;
				CLANG_WARN_DIRECT_OBJC_ISA_USAGE = YES_ERROR;
				CLANG_WARN_DOCUMENTATION_COMMENTS = YES;
				CLANG_WARN_EMPTY_BODY = YES;
				CLANG_WARN_ENUM_CONVERSION = YES;
				CLANG_WARN_INFINITE_RECURSION = YES;
				CLANG_WARN_INT_CONVERSION = YES;
				CLANG_WARN_NON_LITERAL_NULL_CONVERSION = YES;
				CLANG_WARN_OBJC_IMPLICIT_RETAIN_SELF = YES;
				CLANG_WARN_OBJC_LITERAL_CONVERSION = YES;
				CLANG_WARN_OBJC_ROOT_CLASS = YES_ERROR;
				CLANG_WARN_QUOTED_INCLUDE_IN_FRAMEWORK_HEADER = YES;
				CLANG_WARN_RANGE_LOOP_ANALYSIS = YES;
				CLANG_WARN_STRICT_PROTOTYPES = YES;
				CLANG_WARN_SUSPICIOUS_MOVE = YES;
				CLANG_WARN_UNGUARDED_AVAILABILITY = YES_AGGRESSIVE;
				CLANG_WARN_UNREACHABLE_CODE = YES;
				CLANG_WARN__DUPLICATE_METHOD_MATCH = YES;
				COPY_PHASE_STRIP = NO;
				DEBUG_INFORMATION_FORMAT = "dwarf-with-dsym";
				ENABLE_NS_ASSERTIONS = NO;
				ENABLE_STRICT_OBJC_MSGSEND = YES;
				GCC_C_LANGUAGE_STANDARD = gnu11;
				GCC_NO_COMMON_BLOCKS = YES;
				GCC_WARN_64_TO_32_BIT_CONVERSION = YES;
				GCC_WARN_ABOUT_RETURN_TYPE = YES_ERROR;
				GCC_WARN_UNDECLARED_SELECTOR = YES;
				GCC_WARN_UNINITIALIZED_AUTOS = YES_AGGRESSIVE;
				GCC_WARN_UNUSED_FUNCTION = YES;
				GCC_WARN_UNUSED_VARIABLE = YES;
				IPHONEOS_DEPLOYMENT_TARGET = 14.3;
				MTL_ENABLE_DEBUG_INFO = NO;
				MTL_FAST_MATH = YES;
				SDKROOT = iphoneos;
				SWIFT_COMPILATION_MODE = wholemodule;
				SWIFT_OPTIMIZATION_LEVEL = "-O";
				VALIDATE_PRODUCT = YES;
			};
			name = Release;
		};
		2A54A8CF259AC11A00792F3C /* Debug */ = {
			isa = XCBuildConfiguration;
			buildSettings = {
				ASSETCATALOG_COMPILER_APPICON_NAME = AppIcon;
				ASSETCATALOG_COMPILER_GLOBAL_ACCENT_COLOR_NAME = AccentColor;
				CODE_SIGN_STYLE = Automatic;
				DEVELOPMENT_TEAM = 4KSR5K3Z23;
				INFOPLIST_FILE = topic/Info.plist;
				LD_RUNPATH_SEARCH_PATHS = (
					"$(inherited)",
					"@executable_path/Frameworks",
				);
				PRODUCT_BUNDLE_IDENTIFIER = "nagai-ryo.topic";
				PRODUCT_NAME = "$(TARGET_NAME)";
				SWIFT_VERSION = 5.0;
				TARGETED_DEVICE_FAMILY = "1,2";
			};
			name = Debug;
		};
		2A54A8D0259AC11A00792F3C /* Release */ = {
			isa = XCBuildConfiguration;
			buildSettings = {
				ASSETCATALOG_COMPILER_APPICON_NAME = AppIcon;
				ASSETCATALOG_COMPILER_GLOBAL_ACCENT_COLOR_NAME = AccentColor;
				CODE_SIGN_STYLE = Automatic;
				DEVELOPMENT_TEAM = 4KSR5K3Z23;
				INFOPLIST_FILE = topic/Info.plist;
				LD_RUNPATH_SEARCH_PATHS = (
					"$(inherited)",
					"@executable_path/Frameworks",
				);
				PRODUCT_BUNDLE_IDENTIFIER = "nagai-ryo.topic";
				PRODUCT_NAME = "$(TARGET_NAME)";
				SWIFT_VERSION = 5.0;
				TARGETED_DEVICE_FAMILY = "1,2";
			};
			name = Release;
		};
/* End XCBuildConfiguration section */

/* Begin XCConfigurationList section */
		2A54A8B5259AC11900792F3C /* Build configuration list for PBXProject "topic" */ = {
			isa = XCConfigurationList;
			buildConfigurations = (
				2A54A8CC259AC11A00792F3C /* Debug */,
				2A54A8CD259AC11A00792F3C /* Release */,
			);
			defaultConfigurationIsVisible = 0;
			defaultConfigurationName = Release;
		};
		2A54A8CE259AC11A00792F3C /* Build configuration list for PBXNativeTarget "topic" */ = {
			isa = XCConfigurationList;
			buildConfigurations = (
				2A54A8CF259AC11A00792F3C /* Debug */,
				2A54A8D0259AC11A00792F3C /* Release */,
			);
			defaultConfigurationIsVisible = 0;
			defaultConfigurationName = Release;
		};
/* End XCConfigurationList section */
	};
	rootObject = 2A54A8B2259AC11900792F3C /* Project object */;
}
